<?xml version="1.0" encoding="utf-8"?>
<Project ToolsVersion="4.0" xmlns="http://schemas.microsoft.com/developer/msbuild/2003">
  <ItemGroup>
    <Filter Include="Source Files">
      <UniqueIdentifier>{4FC737F1-C7A5-4376-A066-2A32D752A2FF}</UniqueIdentifier>
      <Extensions>cpp;c;cc;cxx;c++;cppm;ixx;def;odl;idl;hpj;bat;asm;asmx</Extensions>
    </Filter>
    <Filter Include="Header Files">
      <UniqueIdentifier>{93995380-89BD-4b04-88EB-625FBE52EBFB}</UniqueIdentifier>
      <Extensions>h;hh;hpp;hxx;h++;hm;inl;inc;ipp;xsd</Extensions>
    </Filter>
    <Filter Include="Resource Files">
      <UniqueIdentifier>{67DA6AB6-F800-4c08-8B7A-83BB121AAD01}</UniqueIdentifier>
      <Extensions>rc;ico;cur;bmp;dlg;rc2;rct;bin;rgs;gif;jpg;jpeg;jpe;resx;tiff;tif;png;wav;mfcribbon-ms</Extensions>
    </Filter>
  </ItemGroup>
  <ItemGroup>
    <ClInclude Include="src\AlgoTable.h">
      <Filter>Header Files</Filter>
    </ClInclude>
    <ClInclude Include="src\BBox.h">
      <Filter>Header Files</Filter>
    </ClInclude>
    <ClInclude Include="src\BBoxTree.h">
      <Filter>Header Files</Filter>
    </ClInclude>
    <ClInclude Include="src\Box.h">
      <Filter>Header Files</Filter>
    </ClInclude>
    <ClInclude Include="src\Complex.h">
      <Filter>Header Files</Filter>
    </ClInclude>
    <ClInclude Include="src\Cone.h">
      <Filter>Header Files</Filter>
    </ClInclude>
    <ClInclude Include="src\Convex.h">
      <Filter>Header Files</Filter>
    </ClInclude>
    <ClInclude Include="src\Cylinder.h">
      <Filter>Header Files</Filter>
    </ClInclude>
    <ClInclude Include="src\Encounter.h">
      <Filter>Header Files</Filter>
    </ClInclude>
    <ClInclude Include="src\Endpoint.h">
      <Filter>Header Files</Filter>
    </ClInclude>
    <ClInclude Include="src\IndexArray.h">
      <Filter>Header Files</Filter>
    </ClInclude>
    <ClInclude Include="src\Object.h">
      <Filter>Header Files</Filter>
    </ClInclude>
    <ClInclude Include="src\Polygon.h">
      <Filter>Header Files</Filter>
    </ClInclude>
    <ClInclude Include="src\Polyhedron.h">
      <Filter>Header Files</Filter>
    </ClInclude>
    <ClInclude Include="src\Polytope.h">
      <Filter>Header Files</Filter>
    </ClInclude>
    <ClInclude Include="src\Response.h">
      <Filter>Header Files</Filter>
    </ClInclude>
    <ClInclude Include="src\RespTable.h">
      <Filter>Header Files</Filter>
    </ClInclude>
    <ClInclude Include="src\Shape.h">
      <Filter>Header Files</Filter>
    </ClInclude>
    <ClInclude Include="src\Simplex.h">
      <Filter>Header Files</Filter>
    </ClInclude>
    <ClInclude Include="src\Sphere.h">
      <Filter>Header Files</Filter>
    </ClInclude>
    <ClInclude Include="src\Transform.h">
      <Filter>Header Files</Filter>
    </ClInclude>
    <ClInclude Include="src\VertexBase.h">
      <Filter>Header Files</Filter>
    </ClInclude>
    <ClInclude Include="include\3D\Basic.h">
      <Filter>Header Files</Filter>
    </ClInclude>
    <ClInclude Include="include\3D\Matrix.h">
      <Filter>Header Files</Filter>
    </ClInclude>
    <ClInclude Include="include\3D\Point.h">
      <Filter>Header Files</Filter>
    </ClInclude>
    <ClInclude Include="include\3D\Quaternion.h">
      <Filter>Header Files</Filter>
    </ClInclude>
    <ClInclude Include="include\3D\Tuple3.h">
      <Filter>Header Files</Filter>
    </ClInclude>
    <ClInclude Include="include\3D\Tuple4.h">
      <Filter>Header Files</Filter>
    </ClInclude>
    <ClInclude Include="include\3D\Vector.h">
      <Filter>Header Files</Filter>
    </ClInclude>
    <ClInclude Include="include\SOLID\solid.h">
      <Filter>Header Files</Filter>
    </ClInclude>
  </ItemGroup>
  <ItemGroup>
    <ClCompile Include="src\BBoxTree.cpp">
      <Filter>Source Files</Filter>
    </ClCompile>
    <ClCompile Include="src\Box.cpp">
      <Filter>Source Files</Filter>
    </ClCompile>
    <ClCompile Include="src\C-api.cpp">
      <Filter>Source Files</Filter>
    </ClCompile>
    <ClCompile Include="src\Complex.cpp">
      <Filter>Source Files</Filter>
    </ClCompile>
    <ClCompile Include="src\Cone.cpp">
      <Filter>Source Files</Filter>
    </ClCompile>
    <ClCompile Include="src\Convex.cpp">
      <Filter>Source Files</Filter>
    </ClCompile>
    <ClCompile Include="src\Cylinder.cpp">
      <Filter>Source Files</Filter>
    </ClCompile>
    <ClCompile Include="src\Endpoint.cpp">
      <Filter>Source Files</Filter>
    </ClCompile>
    <ClCompile Include="src\Object.cpp">
      <Filter>Source Files</Filter>
    </ClCompile>
    <ClCompile Include="src\Polygon.cpp">
      <Filter>Source Files</Filter>
    </ClCompile>
    <ClCompile Include="src\Polyhedron.cpp">
      <Filter>Source Files</Filter>
    </ClCompile>
    <ClCompile Include="src\Response.cpp">
      <Filter>Source Files</Filter>
    </ClCompile>
    <ClCompile Include="src\RespTable.cpp">
      <Filter>Source Files</Filter>
    </ClCompile>
    <ClCompile Include="src\Simplex.cpp">
      <Filter>Source Files</Filter>
    </ClCompile>
    <ClCompile Include="src\Sphere.cpp">
      <Filter>Source Files</Filter>
    </ClCompile>
    <ClCompile Include="src\Transform.cpp">
      <Filter>Source Files</Filter>
    </ClCompile>
    <ClCompile Include="samples\x_wing.cpp">
      <Filter>Source Files</Filter>
    </ClCompile>
  </ItemGroup>
  <ItemGroup>
    <None Include="src\Makefile" />
    <None Include="samples\Makefile" />
    <None Include="samples\sample" />
    <None Include="samples\teapot" />
    <None Include="samples\teapot.vrt" />
    <None Include="samples\x_wing" />
    <None Include="samples\x_wing.vrt" />
  </ItemGroup>
</Project>