<?xml version="1.0" encoding="utf-8"?>
<Project ToolsVersion="4.0" xmlns="http://schemas.microsoft.com/developer/msbuild/2003">
  <ItemGroup>
    <Filter Include="Source Files">
      <UniqueIdentifier>{4FC737F1-C7A5-4376-A066-2A32D752A2FF}</UniqueIdentifier>
      <Extensions>cpp;c;cc;cxx;c++;cppm;ixx;def;odl;idl;hpj;bat;asm;asmx</Extensions>
    </Filter>
    <Filter Include="Header Files">
      <UniqueIdentifier>{93995380-89BD-4b04-88EB-625FBE52EBFB}</UniqueIdentifier>
      <Extensions>h;hh;hpp;hxx;h++;hm;inl;inc;ipp;xsd</Extensions>
    </Filter>
    <Filter Include="Resource Files">
      <UniqueIdentifier>{67DA6AB6-F800-4c08-8B7A-83BB121AAD01}</UniqueIdentifier>
      <Extensions>rc;ico;cur;bmp;dlg;rc2;rct;bin;rgs;gif;jpg;jpeg;jpe;resx;tiff;tif;png;wav;mfcribbon-ms</Extensions>
    </Filter>
  </ItemGroup>
  <ItemGroup>
    <ClInclude Include="include\3D\Basic.h">
      <Filter>Header Files</Filter>
    </ClInclude>
    <ClInclude Include="include\3D\Matrix.h">
      <Filter>Header Files</Filter>
    </ClInclude>
    <ClInclude Include="include\3D\Point.h">
      <Filter>Header Files</Filter>
    </ClInclude>
    <ClInclude Include="include\3D\Quaternion.h">
      <Filter>Header Files</Filter>
    </ClInclude>
    <ClInclude Include="include\3D\Tuple3.h">
      <Filter>Header Files</Filter>
    </ClInclude>
    <ClInclude Include="include\3D\Tuple4.h">
      <Filter>Header Files</Filter>
    </ClInclude>
    <ClInclude Include="include\3D\Vector.h">
      <Filter>Header Files</Filter>
    </ClInclude>
    <ClInclude Include="include\SOLID\solid.h">
      <Filter>Header Files</Filter>
    </ClInclude>
    <ClInclude Include="src\DT_AlgoTable.h">
      <Filter>Header Files</Filter>
    </ClInclude>
    <ClInclude Include="src\DT_Encounter.h">
      <Filter>Header Files</Filter>
    </ClInclude>
    <ClInclude Include="src\DT_Object.h">
      <Filter>Header Files</Filter>
    </ClInclude>
    <ClInclude Include="src\DT_Response.h">
      <Filter>Header Files</Filter>
    </ClInclude>
    <ClInclude Include="src\DT_RespTable.h">
      <Filter>Header Files</Filter>
    </ClInclude>
    <ClInclude Include="src\DT_Scene.h">
      <Filter>Header Files</Filter>
    </ClInclude>
    <ClInclude Include="include\GEN_MinMax.h">
      <Filter>Header Files</Filter>
    </ClInclude>
    <ClInclude Include="include\GEN_random.h">
      <Filter>Header Files</Filter>
    </ClInclude>
    <ClInclude Include="include\MT_BBox.h">
      <Filter>Header Files</Filter>
    </ClInclude>
    <ClInclude Include="include\MT_Interval.h">
      <Filter>Header Files</Filter>
    </ClInclude>
    <ClInclude Include="include\MT_Matrix3x3.h">
      <Filter>Header Files</Filter>
    </ClInclude>
    <ClInclude Include="include\MT_Point3.h">
      <Filter>Header Files</Filter>
    </ClInclude>
    <ClInclude Include="include\MT_Quaternion.h">
      <Filter>Header Files</Filter>
    </ClInclude>
    <ClInclude Include="include\MT_Scalar.h">
      <Filter>Header Files</Filter>
    </ClInclude>
    <ClInclude Include="include\MT_ScalarTracer.h">
      <Filter>Header Files</Filter>
    </ClInclude>
    <ClInclude Include="include\MT_Transform.h">
      <Filter>Header Files</Filter>
    </ClInclude>
    <ClInclude Include="include\MT_Vector3.h">
      <Filter>Header Files</Filter>
    </ClInclude>
    <ClInclude Include="include\SOLID.h">
      <Filter>Header Files</Filter>
    </ClInclude>
    <ClInclude Include="include\SOLID_broad.h">
      <Filter>Header Files</Filter>
    </ClInclude>
    <ClInclude Include="include\SOLID_types.h">
      <Filter>Header Files</Filter>
    </ClInclude>
    <ClInclude Include="include\MT\Interval.h">
      <Filter>Header Files</Filter>
    </ClInclude>
    <ClInclude Include="include\MT\Matrix3x3.h">
      <Filter>Header Files</Filter>
    </ClInclude>
    <ClInclude Include="include\MT\Quaternion.h">
      <Filter>Header Files</Filter>
    </ClInclude>
    <ClInclude Include="include\MT\Transform.h">
      <Filter>Header Files</Filter>
    </ClInclude>
    <ClInclude Include="include\MT\Tuple3.h">
      <Filter>Header Files</Filter>
    </ClInclude>
    <ClInclude Include="include\MT\Tuple4.h">
      <Filter>Header Files</Filter>
    </ClInclude>
    <ClInclude Include="include\MT\Vector3.h">
      <Filter>Header Files</Filter>
    </ClInclude>
    <ClInclude Include="src\convex\DT_Accuracy.h">
      <Filter>Header Files</Filter>
    </ClInclude>
    <ClInclude Include="src\convex\DT_Array.h">
      <Filter>Header Files</Filter>
    </ClInclude>
    <ClInclude Include="src\convex\DT_Box.h">
      <Filter>Header Files</Filter>
    </ClInclude>
    <ClInclude Include="src\convex\DT_Cone.h">
      <Filter>Header Files</Filter>
    </ClInclude>
    <ClInclude Include="src\convex\DT_Convex.h">
      <Filter>Header Files</Filter>
    </ClInclude>
    <ClInclude Include="src\convex\DT_Cylinder.h">
      <Filter>Header Files</Filter>
    </ClInclude>
    <ClInclude Include="src\convex\DT_GJK.h">
      <Filter>Header Files</Filter>
    </ClInclude>
    <ClInclude Include="src\convex\DT_Hull.h">
      <Filter>Header Files</Filter>
    </ClInclude>
    <ClInclude Include="src\convex\DT_IndexArray.h">
      <Filter>Header Files</Filter>
    </ClInclude>
    <ClInclude Include="src\convex\DT_LineSegment.h">
      <Filter>Header Files</Filter>
    </ClInclude>
    <ClInclude Include="src\convex\DT_Minkowski.h">
      <Filter>Header Files</Filter>
    </ClInclude>
    <ClInclude Include="src\convex\DT_PenDepth.h">
      <Filter>Header Files</Filter>
    </ClInclude>
    <ClInclude Include="src\convex\DT_Point.h">
      <Filter>Header Files</Filter>
    </ClInclude>
    <ClInclude Include="src\convex\DT_Polyhedron.h">
      <Filter>Header Files</Filter>
    </ClInclude>
    <ClInclude Include="src\convex\DT_Polytope.h">
      <Filter>Header Files</Filter>
    </ClInclude>
    <ClInclude Include="src\convex\DT_Shape.h">
      <Filter>Header Files</Filter>
    </ClInclude>
    <ClInclude Include="src\convex\DT_Sphere.h">
      <Filter>Header Files</Filter>
    </ClInclude>
    <ClInclude Include="src\convex\DT_Transform.h">
      <Filter>Header Files</Filter>
    </ClInclude>
    <ClInclude Include="src\convex\DT_Triangle.h">
      <Filter>Header Files</Filter>
    </ClInclude>
    <ClInclude Include="src\convex\DT_TriEdge.h">
      <Filter>Header Files</Filter>
    </ClInclude>
    <ClInclude Include="src\convex\DT_VertexBase.h">
      <Filter>Header Files</Filter>
    </ClInclude>
    <ClInclude Include="src\complex\DT_BBoxTree.h">
      <Filter>Header Files</Filter>
    </ClInclude>
    <ClInclude Include="src\complex\DT_CBox.h">
      <Filter>Header Files</Filter>
    </ClInclude>
    <ClInclude Include="src\complex\DT_Complex.h">
      <Filter>Header Files</Filter>
    </ClInclude>
    <ClInclude Include="src\broad\BP_Endpoint.h">
      <Filter>Header Files</Filter>
    </ClInclude>
    <ClInclude Include="src\broad\BP_EndpointList.h">
      <Filter>Header Files</Filter>
    </ClInclude>
    <ClInclude Include="src\broad\BP_Proxy.h">
      <Filter>Header Files</Filter>
    </ClInclude>
    <ClInclude Include="src\broad\BP_ProxyList.h">
      <Filter>Header Files</Filter>
    </ClInclude>
    <ClInclude Include="src\broad\BP_Scene.h">
      <Filter>Header Files</Filter>
    </ClInclude>
    <ClInclude Include="samples\Plugin.h">
      <Filter>Header Files</Filter>
    </ClInclude>
    <ClInclude Include="examples\dynamics\Dynamic.h">
      <Filter>Header Files</Filter>
    </ClInclude>
    <ClInclude Include="examples\dynamics\Kinetic.h">
      <Filter>Header Files</Filter>
    </ClInclude>
    <ClInclude Include="examples\dynamics\RigidBody.h">
      <Filter>Header Files</Filter>
    </ClInclude>
  </ItemGroup>
  <ItemGroup>
    <ClCompile Include="src\DT_C-api.cpp">
      <Filter>Source Files</Filter>
    </ClCompile>
    <ClCompile Include="src\DT_Encounter.cpp">
      <Filter>Source Files</Filter>
    </ClCompile>
    <ClCompile Include="src\DT_Object.cpp">
      <Filter>Source Files</Filter>
    </ClCompile>
    <ClCompile Include="src\DT_RespTable.cpp">
      <Filter>Source Files</Filter>
    </ClCompile>
    <ClCompile Include="src\DT_Scene.cpp">
      <Filter>Source Files</Filter>
    </ClCompile>
    <ClCompile Include="src\convex\DT_Accuracy.cpp">
      <Filter>Source Files</Filter>
    </ClCompile>
    <ClCompile Include="src\convex\DT_Box.cpp">
      <Filter>Source Files</Filter>
    </ClCompile>
    <ClCompile Include="src\convex\DT_Cone.cpp">
      <Filter>Source Files</Filter>
    </ClCompile>
    <ClCompile Include="src\convex\DT_Convex.cpp">
      <Filter>Source Files</Filter>
    </ClCompile>
    <ClCompile Include="src\convex\DT_Cylinder.cpp">
      <Filter>Source Files</Filter>
    </ClCompile>
    <ClCompile Include="src\convex\DT_LineSegment.cpp">
      <Filter>Source Files</Filter>
    </ClCompile>
    <ClCompile Include="src\convex\DT_PenDepth.cpp">
      <Filter>Source Files</Filter>
    </ClCompile>
    <ClCompile Include="src\convex\DT_Point.cpp">
      <Filter>Source Files</Filter>
    </ClCompile>
    <ClCompile Include="src\convex\DT_Polyhedron.cpp">
      <Filter>Source Files</Filter>
    </ClCompile>
    <ClCompile Include="src\convex\DT_Polytope.cpp">
      <Filter>Source Files</Filter>
    </ClCompile>
    <ClCompile Include="src\convex\DT_Sphere.cpp">
      <Filter>Source Files</Filter>
    </ClCompile>
    <ClCompile Include="src\convex\DT_Triangle.cpp">
      <Filter>Source Files</Filter>
    </ClCompile>
    <ClCompile Include="src\convex\DT_TriEdge.cpp">
      <Filter>Source Files</Filter>
    </ClCompile>
    <ClCompile Include="src\complex\DT_BBoxTree.cpp">
      <Filter>Source Files</Filter>
    </ClCompile>
    <ClCompile Include="src\complex\DT_Complex.cpp">
      <Filter>Source Files</Filter>
    </ClCompile>
    <ClCompile Include="src\broad\BP_C-api.cpp">
      <Filter>Source Files</Filter>
    </ClCompile>
    <ClCompile Include="src\broad\BP_EndpointList.cpp">
      <Filter>Source Files</Filter>
    </ClCompile>
    <ClCompile Include="src\broad\BP_Proxy.cpp">
      <Filter>Source Files</Filter>
    </ClCompile>
    <ClCompile Include="src\broad\BP_Scene.cpp">
      <Filter>Source Files</Filter>
    </ClCompile>
    <ClCompile Include="samples\Plugin.cpp">
      <Filter>Source Files</Filter>
    </ClCompile>
    <ClCompile Include="examples\dynamics\Dynamic.cpp">
      <Filter>Source Files</Filter>
    </ClCompile>
    <ClCompile Include="examples\dynamics\Kinetic.cpp">
      <Filter>Source Files</Filter>
    </ClCompile>
    <ClCompile Include="examples\dynamics\RigidBody.cpp">
      <Filter>Source Files</Filter>
    </ClCompile>
    <ClCompile Include="examples\gldemo.cpp">
      <Filter>Source Files</Filter>
    </ClCompile>
    <ClCompile Include="examples\physics.cpp">
      <Filter>Source Files</Filter>
    </ClCompile>
  </ItemGroup>
  <ItemGroup>
    <None Include="samples\teapot.vrt" />
    <None Include="samples\x_wing.vrt" />
    <None Include="include\Makefile.am" />
    <None Include="src\convex\Makefile.am" />
    <None Include="src\complex\Makefile.am" />
    <None Include="src\broad\Makefile.am" />
    <None Include="examples\dynamics\Makefile.am" />
  </ItemGroup>
  <ItemGroup>
    <Text Include="examples\dynamics\CMakeLists.txt" />
  </ItemGroup>
</Project>